
Microsoft Visual Studio Solution File, Format Version 12.00
# Visual Studio 2013
VisualStudioVersion = 12.0.31101.0
MinimumVisualStudioVersion = 10.0.40219.1
Project("{FAE04EC0-301F-11D3-BF4B-00C04F79EFBC}") = "MiAmor.Web", "MiAmor.Web\MiAmor.Web.csproj", "{7C88B94B-5CFA-4E71-A4F0-6142B3696400}"
EndProject
Project("{FAE04EC0-301F-11D3-BF4B-00C04F79EFBC}") = "MiAmor..Core", "MiAmor..Core\MiAmor..Core.csproj", "{28B16239-91EE-4147-8823-5FC03BC120CA}"
EndProject
Project("{FAE04EC0-301F-11D3-BF4B-00C04F79EFBC}") = "MiAmor.Data", "MiAmor.Data\MiAmor.Data.csproj", "{7667DDFE-157E-4735-BBB7-473E86F84DED}"
EndProject
Project("{FAE04EC0-301F-11D3-BF4B-00C04F79EFBC}") = "MiAmor.Services", "MiAmor.Services\MiAmor.Services.csproj", "{FD6A50B6-CFB3-45EA-9785-1A4407CBB49E}"
EndProject
Global
	GlobalSection(SolutionConfigurationPlatforms) = preSolution
		Debug|Any CPU = Debug|Any CPU
		Release|Any CPU = Release|Any CPU
	EndGlobalSection
	GlobalSection(ProjectConfigurationPlatforms) = postSolution
		{7C88B94B-5CFA-4E71-A4F0-6142B3696400}.Debug|Any CPU.ActiveCfg = Debug|Any CPU
		{7C88B94B-5CFA-4E71-A4F0-6142B3696400}.Debug|Any CPU.Build.0 = Debug|Any CPU
		{7C88B94B-5CFA-4E71-A4F0-6142B3696400}.Release|Any CPU.ActiveCfg = Release|Any CPU
		{7C88B94B-5CFA-4E71-A4F0-6142B3696400}.Release|Any CPU.Build.0 = Release|Any CPU
		{28B16239-91EE-4147-8823-5FC03BC120CA}.Debug|Any CPU.ActiveCfg = Debug|Any CPU
		{28B16239-91EE-4147-8823-5FC03BC120CA}.Debug|Any CPU.Build.0 = Debug|Any CPU
		{28B16239-91EE-4147-8823-5FC03BC120CA}.Release|Any CPU.ActiveCfg = Release|Any CPU
		{28B16239-91EE-4147-8823-5FC03BC120CA}.Release|Any CPU.Build.0 = Release|Any CPU
		{7667DDFE-157E-4735-BBB7-473E86F84DED}.Debug|Any CPU.ActiveCfg = Debug|Any CPU
		{7667DDFE-157E-4735-BBB7-473E86F84DED}.Debug|Any CPU.Build.0 = Debug|Any CPU
		{7667DDFE-157E-4735-BBB7-473E86F84DED}.Release|Any CPU.ActiveCfg = Release|Any CPU
		{7667DDFE-157E-4735-BBB7-473E86F84DED}.Release|Any CPU.Build.0 = Release|Any CPU
		{FD6A50B6-CFB3-45EA-9785-1A4407CBB49E}.Debug|Any CPU.ActiveCfg = Debug|Any CPU
		{FD6A50B6-CFB3-45EA-9785-1A4407CBB49E}.Debug|Any CPU.Build.0 = Debug|Any CPU
		{FD6A50B6-CFB3-45EA-9785-1A4407CBB49E}.Release|Any CPU.ActiveCfg = Release|Any CPU
		{FD6A50B6-CFB3-45EA-9785-1A4407CBB49E}.Release|Any CPU.Build.0 = Release|Any CPU
	EndGlobalSection
	GlobalSection(SolutionProperties) = preSolution
		HideSolutionNode = FALSE
	EndGlobalSection
EndGlobal
